
Microsoft Visual Studio Solution File, Format Version 12.00
# Visual Studio Version 17
VisualStudioVersion = 17.14.36221.1 d17.14
MinimumVisualStudioVersion = 10.0.40219.1
Project("{8BC9CEB8-8B4A-11D0-8D11-00A0C91BC942}") = "Program", "Program.vcxproj", "{23A5B88E-3561-414D-9F25-FA9F2C8C5BB1}"
EndProject
Project("{8BC9CEB8-8B4A-11D0-8D11-00A0C91BC942}") = "Class1th (Asymptotic Notation)", "..\Class1th (Asymptotic Notation)\Class1th (Asymptotic Notation).vcxproj", "{22A82D8A-2F67-47EC-8D37-665AFF311BC1}"
EndProject
Global
	GlobalSection(SolutionConfigurationPlatforms) = preSolution
		Debug|x64 = Debug|x64
		Debug|x86 = Debug|x86
		Release|x64 = Release|x64
		Release|x86 = Release|x86
	EndGlobalSection
	GlobalSection(ProjectConfigurationPlatforms) = postSolution
		{23A5B88E-3561-414D-9F25-FA9F2C8C5BB1}.Debug|x64.ActiveCfg = Debug|x64
		{23A5B88E-3561-414D-9F25-FA9F2C8C5BB1}.Debug|x64.Build.0 = Debug|x64
		{23A5B88E-3561-414D-9F25-FA9F2C8C5BB1}.Debug|x86.ActiveCfg = Debug|Win32
		{23A5B88E-3561-414D-9F25-FA9F2C8C5BB1}.Debug|x86.Build.0 = Debug|Win32
		{23A5B88E-3561-414D-9F25-FA9F2C8C5BB1}.Release|x64.ActiveCfg = Release|x64
		{23A5B88E-3561-414D-9F25-FA9F2C8C5BB1}.Release|x64.Build.0 = Release|x64
		{23A5B88E-3561-414D-9F25-FA9F2C8C5BB1}.Release|x86.ActiveCfg = Release|Win32
		{23A5B88E-3561-414D-9F25-FA9F2C8C5BB1}.Release|x86.Build.0 = Release|Win32
		{22A82D8A-2F67-47EC-8D37-665AFF311BC1}.Debug|x64.ActiveCfg = Debug|x64
		{22A82D8A-2F67-47EC-8D37-665AFF311BC1}.Debug|x64.Build.0 = Debug|x64
		{22A82D8A-2F67-47EC-8D37-665AFF311BC1}.Debug|x86.ActiveCfg = Debug|Win32
		{22A82D8A-2F67-47EC-8D37-665AFF311BC1}.Debug|x86.Build.0 = Debug|Win32
		{22A82D8A-2F67-47EC-8D37-665AFF311BC1}.Release|x64.ActiveCfg = Release|x64
		{22A82D8A-2F67-47EC-8D37-665AFF311BC1}.Release|x64.Build.0 = Release|x64
		{22A82D8A-2F67-47EC-8D37-665AFF311BC1}.Release|x86.ActiveCfg = Release|Win32
		{22A82D8A-2F67-47EC-8D37-665AFF311BC1}.Release|x86.Build.0 = Release|Win32
	EndGlobalSection
	GlobalSection(SolutionProperties) = preSolution
		HideSolutionNode = FALSE
	EndGlobalSection
	GlobalSection(ExtensibilityGlobals) = postSolution
		SolutionGuid = {F4CD3CF6-AAD5-4CAA-A071-5F40AAAB4500}
	EndGlobalSection
EndGlobal
