
Microsoft Visual Studio Solution File, Format Version 12.00
# Visual Studio Version 17
VisualStudioVersion = 17.14.36221.1
MinimumVisualStudioVersion = 10.0.40219.1
Project("{8BC9CEB8-8B4A-11D0-8D11-00A0C91BC942}") = "Program", "Program.vcxproj", "{23A5B88E-3561-414D-9F25-FA9F2C8C5BB1}"
EndProject
Project("{8BC9CEB8-8B4A-11D0-8D11-00A0C91BC942}") = "Class1th (Asymptotic Notation)", "..\Class1th (Asymptotic Notation)\Class1th (Asymptotic Notation).vcxproj", "{22A82D8A-2F67-47EC-8D37-665AFF311BC1}"
EndProject
Project("{8BC9CEB8-8B4A-11D0-8D11-00A0C91BC942}") = "Class2nd (Brute Force)", "..\Class2nd (Brute Force)\Class2nd (Brute Force).vcxproj", "{487D689B-F1EB-47A0-B8D9-E01263623455}"
EndProject
Project("{8BC9CEB8-8B4A-11D0-8D11-00A0C91BC942}") = "Class3rd (Double Sort)", "..\Class3rd (Double Sort)\Class3rd (Double Sort).vcxproj", "{FEDB1D6C-8DA9-4058-86BD-1CE25B662250}"
EndProject
Project("{8BC9CEB8-8B4A-11D0-8D11-00A0C91BC942}") = "Class4th (Select Sort)", "..\Class4th (Select Sort)\Class4th (Select Sort).vcxproj", "{1DCEDE48-7315-4F9A-A2F5-7B990EE6CC5D}"
EndProject
Project("{8BC9CEB8-8B4A-11D0-8D11-00A0C91BC942}") = "Class5th (Insert Sort)", "..\Class5th (Insert Sort)\Class5th (Insert Sort).vcxproj", "{E72DD170-9111-4C05-878B-C29332ED8755}"
EndProject
Project("{8BC9CEB8-8B4A-11D0-8D11-00A0C91BC942}") = "Class6th (Euclidean)", "..\Class6th (Euclidean)\Class6th (Euclidean).vcxproj", "{752A0624-6EED-476D-B8E2-9DF5A1BFE25D}"
EndProject
Project("{8BC9CEB8-8B4A-11D0-8D11-00A0C91BC942}") = "Class7th (Sieve of Eratosthenes)", "..\Class7th (Sieve of Eratosthenes)\Class7th (Sieve of Eratosthenes).vcxproj", "{9F8536C7-5304-4778-9745-F0666153DD02}"
EndProject
Project("{8BC9CEB8-8B4A-11D0-8D11-00A0C91BC942}") = "Class8th (Count Sort)", "..\Class8th (Count Sort)\Class8th (Count Sort).vcxproj", "{C13EEA9C-FEF1-4584-9169-1C9F8D7F4F1D}"
EndProject
Project("{8BC9CEB8-8B4A-11D0-8D11-00A0C91BC942}") = "Class9th (Divide and Conquer)", "..\Class9th (Divide and Conquer)\Class9th (Divide and Conquer).vcxproj", "{3E9E6E3F-6CD7-421D-8FB2-6C24E699AA90}"
EndProject
Project("{8BC9CEB8-8B4A-11D0-8D11-00A0C91BC942}") = "Class10th (Binary Search)", "..\Class10th (Binary Search)\Class10th (Binary Search).vcxproj", "{2E931B34-5C76-4DF8-A04E-5C6ACE955C32}"
EndProject
Project("{8BC9CEB8-8B4A-11D0-8D11-00A0C91BC942}") = "Class11th (Quick Sort)", "..\Class11th (Quick Sort)\Class11th (Quick Sort).vcxproj", "{3DEFF367-5BB8-4A47-8004-4A0F5A0C44C9}"
EndProject
Project("{8BC9CEB8-8B4A-11D0-8D11-00A0C91BC942}") = "Class12th (Merge Sort)", "..\Class12th (Merge Sort)\Class12th (Merge Sort).vcxproj", "{37ED9559-9380-4112-82FA-2E70F8F72BB8}"
EndProject
Global
	GlobalSection(SolutionConfigurationPlatforms) = preSolution
		Debug|x64 = Debug|x64
		Debug|x86 = Debug|x86
		Release|x64 = Release|x64
		Release|x86 = Release|x86
	EndGlobalSection
	GlobalSection(ProjectConfigurationPlatforms) = postSolution
		{23A5B88E-3561-414D-9F25-FA9F2C8C5BB1}.Debug|x64.ActiveCfg = Debug|x64
		{23A5B88E-3561-414D-9F25-FA9F2C8C5BB1}.Debug|x64.Build.0 = Debug|x64
		{23A5B88E-3561-414D-9F25-FA9F2C8C5BB1}.Debug|x86.ActiveCfg = Debug|Win32
		{23A5B88E-3561-414D-9F25-FA9F2C8C5BB1}.Debug|x86.Build.0 = Debug|Win32
		{23A5B88E-3561-414D-9F25-FA9F2C8C5BB1}.Release|x64.ActiveCfg = Release|x64
		{23A5B88E-3561-414D-9F25-FA9F2C8C5BB1}.Release|x64.Build.0 = Release|x64
		{23A5B88E-3561-414D-9F25-FA9F2C8C5BB1}.Release|x86.ActiveCfg = Release|Win32
		{23A5B88E-3561-414D-9F25-FA9F2C8C5BB1}.Release|x86.Build.0 = Release|Win32
		{22A82D8A-2F67-47EC-8D37-665AFF311BC1}.Debug|x64.ActiveCfg = Debug|x64
		{22A82D8A-2F67-47EC-8D37-665AFF311BC1}.Debug|x64.Build.0 = Debug|x64
		{22A82D8A-2F67-47EC-8D37-665AFF311BC1}.Debug|x86.ActiveCfg = Debug|Win32
		{22A82D8A-2F67-47EC-8D37-665AFF311BC1}.Debug|x86.Build.0 = Debug|Win32
		{22A82D8A-2F67-47EC-8D37-665AFF311BC1}.Release|x64.ActiveCfg = Release|x64
		{22A82D8A-2F67-47EC-8D37-665AFF311BC1}.Release|x64.Build.0 = Release|x64
		{22A82D8A-2F67-47EC-8D37-665AFF311BC1}.Release|x86.ActiveCfg = Release|Win32
		{22A82D8A-2F67-47EC-8D37-665AFF311BC1}.Release|x86.Build.0 = Release|Win32
		{487D689B-F1EB-47A0-B8D9-E01263623455}.Debug|x64.ActiveCfg = Debug|x64
		{487D689B-F1EB-47A0-B8D9-E01263623455}.Debug|x64.Build.0 = Debug|x64
		{487D689B-F1EB-47A0-B8D9-E01263623455}.Debug|x86.ActiveCfg = Debug|Win32
		{487D689B-F1EB-47A0-B8D9-E01263623455}.Debug|x86.Build.0 = Debug|Win32
		{487D689B-F1EB-47A0-B8D9-E01263623455}.Release|x64.ActiveCfg = Release|x64
		{487D689B-F1EB-47A0-B8D9-E01263623455}.Release|x64.Build.0 = Release|x64
		{487D689B-F1EB-47A0-B8D9-E01263623455}.Release|x86.ActiveCfg = Release|Win32
		{487D689B-F1EB-47A0-B8D9-E01263623455}.Release|x86.Build.0 = Release|Win32
		{FEDB1D6C-8DA9-4058-86BD-1CE25B662250}.Debug|x64.ActiveCfg = Debug|x64
		{FEDB1D6C-8DA9-4058-86BD-1CE25B662250}.Debug|x64.Build.0 = Debug|x64
		{FEDB1D6C-8DA9-4058-86BD-1CE25B662250}.Debug|x86.ActiveCfg = Debug|Win32
		{FEDB1D6C-8DA9-4058-86BD-1CE25B662250}.Debug|x86.Build.0 = Debug|Win32
		{FEDB1D6C-8DA9-4058-86BD-1CE25B662250}.Release|x64.ActiveCfg = Release|x64
		{FEDB1D6C-8DA9-4058-86BD-1CE25B662250}.Release|x64.Build.0 = Release|x64
		{FEDB1D6C-8DA9-4058-86BD-1CE25B662250}.Release|x86.ActiveCfg = Release|Win32
		{FEDB1D6C-8DA9-4058-86BD-1CE25B662250}.Release|x86.Build.0 = Release|Win32
		{1DCEDE48-7315-4F9A-A2F5-7B990EE6CC5D}.Debug|x64.ActiveCfg = Debug|x64
		{1DCEDE48-7315-4F9A-A2F5-7B990EE6CC5D}.Debug|x64.Build.0 = Debug|x64
		{1DCEDE48-7315-4F9A-A2F5-7B990EE6CC5D}.Debug|x86.ActiveCfg = Debug|Win32
		{1DCEDE48-7315-4F9A-A2F5-7B990EE6CC5D}.Debug|x86.Build.0 = Debug|Win32
		{1DCEDE48-7315-4F9A-A2F5-7B990EE6CC5D}.Release|x64.ActiveCfg = Release|x64
		{1DCEDE48-7315-4F9A-A2F5-7B990EE6CC5D}.Release|x64.Build.0 = Release|x64
		{1DCEDE48-7315-4F9A-A2F5-7B990EE6CC5D}.Release|x86.ActiveCfg = Release|Win32
		{1DCEDE48-7315-4F9A-A2F5-7B990EE6CC5D}.Release|x86.Build.0 = Release|Win32
		{E72DD170-9111-4C05-878B-C29332ED8755}.Debug|x64.ActiveCfg = Debug|x64
		{E72DD170-9111-4C05-878B-C29332ED8755}.Debug|x64.Build.0 = Debug|x64
		{E72DD170-9111-4C05-878B-C29332ED8755}.Debug|x86.ActiveCfg = Debug|Win32
		{E72DD170-9111-4C05-878B-C29332ED8755}.Debug|x86.Build.0 = Debug|Win32
		{E72DD170-9111-4C05-878B-C29332ED8755}.Release|x64.ActiveCfg = Release|x64
		{E72DD170-9111-4C05-878B-C29332ED8755}.Release|x64.Build.0 = Release|x64
		{E72DD170-9111-4C05-878B-C29332ED8755}.Release|x86.ActiveCfg = Release|Win32
		{E72DD170-9111-4C05-878B-C29332ED8755}.Release|x86.Build.0 = Release|Win32
		{752A0624-6EED-476D-B8E2-9DF5A1BFE25D}.Debug|x64.ActiveCfg = Debug|x64
		{752A0624-6EED-476D-B8E2-9DF5A1BFE25D}.Debug|x64.Build.0 = Debug|x64
		{752A0624-6EED-476D-B8E2-9DF5A1BFE25D}.Debug|x86.ActiveCfg = Debug|Win32
		{752A0624-6EED-476D-B8E2-9DF5A1BFE25D}.Debug|x86.Build.0 = Debug|Win32
		{752A0624-6EED-476D-B8E2-9DF5A1BFE25D}.Release|x64.ActiveCfg = Release|x64
		{752A0624-6EED-476D-B8E2-9DF5A1BFE25D}.Release|x64.Build.0 = Release|x64
		{752A0624-6EED-476D-B8E2-9DF5A1BFE25D}.Release|x86.ActiveCfg = Release|Win32
		{752A0624-6EED-476D-B8E2-9DF5A1BFE25D}.Release|x86.Build.0 = Release|Win32
		{9F8536C7-5304-4778-9745-F0666153DD02}.Debug|x64.ActiveCfg = Debug|x64
		{9F8536C7-5304-4778-9745-F0666153DD02}.Debug|x64.Build.0 = Debug|x64
		{9F8536C7-5304-4778-9745-F0666153DD02}.Debug|x86.ActiveCfg = Debug|Win32
		{9F8536C7-5304-4778-9745-F0666153DD02}.Debug|x86.Build.0 = Debug|Win32
		{9F8536C7-5304-4778-9745-F0666153DD02}.Release|x64.ActiveCfg = Release|x64
		{9F8536C7-5304-4778-9745-F0666153DD02}.Release|x64.Build.0 = Release|x64
		{9F8536C7-5304-4778-9745-F0666153DD02}.Release|x86.ActiveCfg = Release|Win32
		{9F8536C7-5304-4778-9745-F0666153DD02}.Release|x86.Build.0 = Release|Win32
		{C13EEA9C-FEF1-4584-9169-1C9F8D7F4F1D}.Debug|x64.ActiveCfg = Debug|x64
		{C13EEA9C-FEF1-4584-9169-1C9F8D7F4F1D}.Debug|x64.Build.0 = Debug|x64
		{C13EEA9C-FEF1-4584-9169-1C9F8D7F4F1D}.Debug|x86.ActiveCfg = Debug|Win32
		{C13EEA9C-FEF1-4584-9169-1C9F8D7F4F1D}.Debug|x86.Build.0 = Debug|Win32
		{C13EEA9C-FEF1-4584-9169-1C9F8D7F4F1D}.Release|x64.ActiveCfg = Release|x64
		{C13EEA9C-FEF1-4584-9169-1C9F8D7F4F1D}.Release|x64.Build.0 = Release|x64
		{C13EEA9C-FEF1-4584-9169-1C9F8D7F4F1D}.Release|x86.ActiveCfg = Release|Win32
		{C13EEA9C-FEF1-4584-9169-1C9F8D7F4F1D}.Release|x86.Build.0 = Release|Win32
		{3E9E6E3F-6CD7-421D-8FB2-6C24E699AA90}.Debug|x64.ActiveCfg = Debug|x64
		{3E9E6E3F-6CD7-421D-8FB2-6C24E699AA90}.Debug|x64.Build.0 = Debug|x64
		{3E9E6E3F-6CD7-421D-8FB2-6C24E699AA90}.Debug|x86.ActiveCfg = Debug|Win32
		{3E9E6E3F-6CD7-421D-8FB2-6C24E699AA90}.Debug|x86.Build.0 = Debug|Win32
		{3E9E6E3F-6CD7-421D-8FB2-6C24E699AA90}.Release|x64.ActiveCfg = Release|x64
		{3E9E6E3F-6CD7-421D-8FB2-6C24E699AA90}.Release|x64.Build.0 = Release|x64
		{3E9E6E3F-6CD7-421D-8FB2-6C24E699AA90}.Release|x86.ActiveCfg = Release|Win32
		{3E9E6E3F-6CD7-421D-8FB2-6C24E699AA90}.Release|x86.Build.0 = Release|Win32
		{2E931B34-5C76-4DF8-A04E-5C6ACE955C32}.Debug|x64.ActiveCfg = Debug|x64
		{2E931B34-5C76-4DF8-A04E-5C6ACE955C32}.Debug|x64.Build.0 = Debug|x64
		{2E931B34-5C76-4DF8-A04E-5C6ACE955C32}.Debug|x86.ActiveCfg = Debug|Win32
		{2E931B34-5C76-4DF8-A04E-5C6ACE955C32}.Debug|x86.Build.0 = Debug|Win32
		{2E931B34-5C76-4DF8-A04E-5C6ACE955C32}.Release|x64.ActiveCfg = Release|x64
		{2E931B34-5C76-4DF8-A04E-5C6ACE955C32}.Release|x64.Build.0 = Release|x64
		{2E931B34-5C76-4DF8-A04E-5C6ACE955C32}.Release|x86.ActiveCfg = Release|Win32
		{2E931B34-5C76-4DF8-A04E-5C6ACE955C32}.Release|x86.Build.0 = Release|Win32
		{3DEFF367-5BB8-4A47-8004-4A0F5A0C44C9}.Debug|x64.ActiveCfg = Debug|x64
		{3DEFF367-5BB8-4A47-8004-4A0F5A0C44C9}.Debug|x64.Build.0 = Debug|x64
		{3DEFF367-5BB8-4A47-8004-4A0F5A0C44C9}.Debug|x86.ActiveCfg = Debug|Win32
		{3DEFF367-5BB8-4A47-8004-4A0F5A0C44C9}.Debug|x86.Build.0 = Debug|Win32
		{3DEFF367-5BB8-4A47-8004-4A0F5A0C44C9}.Release|x64.ActiveCfg = Release|x64
		{3DEFF367-5BB8-4A47-8004-4A0F5A0C44C9}.Release|x64.Build.0 = Release|x64
		{3DEFF367-5BB8-4A47-8004-4A0F5A0C44C9}.Release|x86.ActiveCfg = Release|Win32
		{3DEFF367-5BB8-4A47-8004-4A0F5A0C44C9}.Release|x86.Build.0 = Release|Win32
		{37ED9559-9380-4112-82FA-2E70F8F72BB8}.Debug|x64.ActiveCfg = Debug|x64
		{37ED9559-9380-4112-82FA-2E70F8F72BB8}.Debug|x64.Build.0 = Debug|x64
		{37ED9559-9380-4112-82FA-2E70F8F72BB8}.Debug|x86.ActiveCfg = Debug|Win32
		{37ED9559-9380-4112-82FA-2E70F8F72BB8}.Debug|x86.Build.0 = Debug|Win32
		{37ED9559-9380-4112-82FA-2E70F8F72BB8}.Release|x64.ActiveCfg = Release|x64
		{37ED9559-9380-4112-82FA-2E70F8F72BB8}.Release|x64.Build.0 = Release|x64
		{37ED9559-9380-4112-82FA-2E70F8F72BB8}.Release|x86.ActiveCfg = Release|Win32
		{37ED9559-9380-4112-82FA-2E70F8F72BB8}.Release|x86.Build.0 = Release|Win32
	EndGlobalSection
	GlobalSection(SolutionProperties) = preSolution
		HideSolutionNode = FALSE
	EndGlobalSection
	GlobalSection(ExtensibilityGlobals) = postSolution
		SolutionGuid = {F4CD3CF6-AAD5-4CAA-A071-5F40AAAB4500}
	EndGlobalSection
EndGlobal
